
Microsoft Visual Studio Solution File, Format Version 12.00
# Visual Studio Version 17
VisualStudioVersion = 17.11.35222.181
MinimumVisualStudioVersion = 10.0.40219.1
Project("{8BC9CEB8-8B4A-11D0-8D11-00A0C91BC942}") = "13.1", "OAIP17\OAIP17.vcxproj", "{F4343584-CC5E-4567-AC53-AE16B9B76D1C}"
EndProject
Project("{8BC9CEB8-8B4A-11D0-8D11-00A0C91BC942}") = "13.2", "13.2\13.2.vcxproj", "{5F679BF7-A779-4705-BDB4-29F22B17A15C}"
EndProject
Project("{8BC9CEB8-8B4A-11D0-8D11-00A0C91BC942}") = "15.1", "15.1\15.1.vcxproj", "{BB1D59E2-FD04-45AE-BEEF-30958E36041C}"
EndProject
Project("{8BC9CEB8-8B4A-11D0-8D11-00A0C91BC942}") = "15.2", "15.2\15.2.vcxproj", "{1D5AE1D5-0618-4EB3-928A-C4D9EF09BBCB}"
EndProject
Project("{8BC9CEB8-8B4A-11D0-8D11-00A0C91BC942}") = "1.1", "1.1\1.1.vcxproj", "{1AF67E56-1F02-49B0-BBC4-FA0B6DFEF544}"
EndProject
Project("{8BC9CEB8-8B4A-11D0-8D11-00A0C91BC942}") = "1.2", "1.2\1.2.vcxproj", "{B353AB2E-BB20-4AF5-937B-A68288C0BB31}"
EndProject
Project("{8BC9CEB8-8B4A-11D0-8D11-00A0C91BC942}") = "3.1", "3.1\3.1.vcxproj", "{0C133665-F473-4C1A-A53F-6967322DF4ED}"
EndProject
Project("{8BC9CEB8-8B4A-11D0-8D11-00A0C91BC942}") = "3.2", "3.2\3.2.vcxproj", "{D94A100A-FD0B-45D0-944B-D835DE815A5D}"
EndProject
Global
	GlobalSection(SolutionConfigurationPlatforms) = preSolution
		Debug|x64 = Debug|x64
		Debug|x86 = Debug|x86
		Release|x64 = Release|x64
		Release|x86 = Release|x86
	EndGlobalSection
	GlobalSection(ProjectConfigurationPlatforms) = postSolution
		{F4343584-CC5E-4567-AC53-AE16B9B76D1C}.Debug|x64.ActiveCfg = Debug|x64
		{F4343584-CC5E-4567-AC53-AE16B9B76D1C}.Debug|x64.Build.0 = Debug|x64
		{F4343584-CC5E-4567-AC53-AE16B9B76D1C}.Debug|x86.ActiveCfg = Debug|Win32
		{F4343584-CC5E-4567-AC53-AE16B9B76D1C}.Debug|x86.Build.0 = Debug|Win32
		{F4343584-CC5E-4567-AC53-AE16B9B76D1C}.Release|x64.ActiveCfg = Release|x64
		{F4343584-CC5E-4567-AC53-AE16B9B76D1C}.Release|x64.Build.0 = Release|x64
		{F4343584-CC5E-4567-AC53-AE16B9B76D1C}.Release|x86.ActiveCfg = Release|Win32
		{F4343584-CC5E-4567-AC53-AE16B9B76D1C}.Release|x86.Build.0 = Release|Win32
		{5F679BF7-A779-4705-BDB4-29F22B17A15C}.Debug|x64.ActiveCfg = Debug|x64
		{5F679BF7-A779-4705-BDB4-29F22B17A15C}.Debug|x64.Build.0 = Debug|x64
		{5F679BF7-A779-4705-BDB4-29F22B17A15C}.Debug|x86.ActiveCfg = Debug|Win32
		{5F679BF7-A779-4705-BDB4-29F22B17A15C}.Debug|x86.Build.0 = Debug|Win32
		{5F679BF7-A779-4705-BDB4-29F22B17A15C}.Release|x64.ActiveCfg = Release|x64
		{5F679BF7-A779-4705-BDB4-29F22B17A15C}.Release|x64.Build.0 = Release|x64
		{5F679BF7-A779-4705-BDB4-29F22B17A15C}.Release|x86.ActiveCfg = Release|Win32
		{5F679BF7-A779-4705-BDB4-29F22B17A15C}.Release|x86.Build.0 = Release|Win32
		{BB1D59E2-FD04-45AE-BEEF-30958E36041C}.Debug|x64.ActiveCfg = Debug|x64
		{BB1D59E2-FD04-45AE-BEEF-30958E36041C}.Debug|x64.Build.0 = Debug|x64
		{BB1D59E2-FD04-45AE-BEEF-30958E36041C}.Debug|x86.ActiveCfg = Debug|Win32
		{BB1D59E2-FD04-45AE-BEEF-30958E36041C}.Debug|x86.Build.0 = Debug|Win32
		{BB1D59E2-FD04-45AE-BEEF-30958E36041C}.Release|x64.ActiveCfg = Release|x64
		{BB1D59E2-FD04-45AE-BEEF-30958E36041C}.Release|x64.Build.0 = Release|x64
		{BB1D59E2-FD04-45AE-BEEF-30958E36041C}.Release|x86.ActiveCfg = Release|Win32
		{BB1D59E2-FD04-45AE-BEEF-30958E36041C}.Release|x86.Build.0 = Release|Win32
		{1D5AE1D5-0618-4EB3-928A-C4D9EF09BBCB}.Debug|x64.ActiveCfg = Debug|x64
		{1D5AE1D5-0618-4EB3-928A-C4D9EF09BBCB}.Debug|x64.Build.0 = Debug|x64
		{1D5AE1D5-0618-4EB3-928A-C4D9EF09BBCB}.Debug|x86.ActiveCfg = Debug|Win32
		{1D5AE1D5-0618-4EB3-928A-C4D9EF09BBCB}.Debug|x86.Build.0 = Debug|Win32
		{1D5AE1D5-0618-4EB3-928A-C4D9EF09BBCB}.Release|x64.ActiveCfg = Release|x64
		{1D5AE1D5-0618-4EB3-928A-C4D9EF09BBCB}.Release|x64.Build.0 = Release|x64
		{1D5AE1D5-0618-4EB3-928A-C4D9EF09BBCB}.Release|x86.ActiveCfg = Release|Win32
		{1D5AE1D5-0618-4EB3-928A-C4D9EF09BBCB}.Release|x86.Build.0 = Release|Win32
		{1AF67E56-1F02-49B0-BBC4-FA0B6DFEF544}.Debug|x64.ActiveCfg = Debug|x64
		{1AF67E56-1F02-49B0-BBC4-FA0B6DFEF544}.Debug|x64.Build.0 = Debug|x64
		{1AF67E56-1F02-49B0-BBC4-FA0B6DFEF544}.Debug|x86.ActiveCfg = Debug|Win32
		{1AF67E56-1F02-49B0-BBC4-FA0B6DFEF544}.Debug|x86.Build.0 = Debug|Win32
		{1AF67E56-1F02-49B0-BBC4-FA0B6DFEF544}.Release|x64.ActiveCfg = Release|x64
		{1AF67E56-1F02-49B0-BBC4-FA0B6DFEF544}.Release|x64.Build.0 = Release|x64
		{1AF67E56-1F02-49B0-BBC4-FA0B6DFEF544}.Release|x86.ActiveCfg = Release|Win32
		{1AF67E56-1F02-49B0-BBC4-FA0B6DFEF544}.Release|x86.Build.0 = Release|Win32
		{B353AB2E-BB20-4AF5-937B-A68288C0BB31}.Debug|x64.ActiveCfg = Debug|x64
		{B353AB2E-BB20-4AF5-937B-A68288C0BB31}.Debug|x64.Build.0 = Debug|x64
		{B353AB2E-BB20-4AF5-937B-A68288C0BB31}.Debug|x86.ActiveCfg = Debug|Win32
		{B353AB2E-BB20-4AF5-937B-A68288C0BB31}.Debug|x86.Build.0 = Debug|Win32
		{B353AB2E-BB20-4AF5-937B-A68288C0BB31}.Release|x64.ActiveCfg = Release|x64
		{B353AB2E-BB20-4AF5-937B-A68288C0BB31}.Release|x64.Build.0 = Release|x64
		{B353AB2E-BB20-4AF5-937B-A68288C0BB31}.Release|x86.ActiveCfg = Release|Win32
		{B353AB2E-BB20-4AF5-937B-A68288C0BB31}.Release|x86.Build.0 = Release|Win32
		{0C133665-F473-4C1A-A53F-6967322DF4ED}.Debug|x64.ActiveCfg = Debug|x64
		{0C133665-F473-4C1A-A53F-6967322DF4ED}.Debug|x64.Build.0 = Debug|x64
		{0C133665-F473-4C1A-A53F-6967322DF4ED}.Debug|x86.ActiveCfg = Debug|Win32
		{0C133665-F473-4C1A-A53F-6967322DF4ED}.Debug|x86.Build.0 = Debug|Win32
		{0C133665-F473-4C1A-A53F-6967322DF4ED}.Release|x64.ActiveCfg = Release|x64
		{0C133665-F473-4C1A-A53F-6967322DF4ED}.Release|x64.Build.0 = Release|x64
		{0C133665-F473-4C1A-A53F-6967322DF4ED}.Release|x86.ActiveCfg = Release|Win32
		{0C133665-F473-4C1A-A53F-6967322DF4ED}.Release|x86.Build.0 = Release|Win32
		{D94A100A-FD0B-45D0-944B-D835DE815A5D}.Debug|x64.ActiveCfg = Debug|x64
		{D94A100A-FD0B-45D0-944B-D835DE815A5D}.Debug|x64.Build.0 = Debug|x64
		{D94A100A-FD0B-45D0-944B-D835DE815A5D}.Debug|x86.ActiveCfg = Debug|Win32
		{D94A100A-FD0B-45D0-944B-D835DE815A5D}.Debug|x86.Build.0 = Debug|Win32
		{D94A100A-FD0B-45D0-944B-D835DE815A5D}.Release|x64.ActiveCfg = Release|x64
		{D94A100A-FD0B-45D0-944B-D835DE815A5D}.Release|x64.Build.0 = Release|x64
		{D94A100A-FD0B-45D0-944B-D835DE815A5D}.Release|x86.ActiveCfg = Release|Win32
		{D94A100A-FD0B-45D0-944B-D835DE815A5D}.Release|x86.Build.0 = Release|Win32
	EndGlobalSection
	GlobalSection(SolutionProperties) = preSolution
		HideSolutionNode = FALSE
	EndGlobalSection
	GlobalSection(ExtensibilityGlobals) = postSolution
		SolutionGuid = {C2E9CA1C-9607-427F-AE31-1EEEF95F92B8}
	EndGlobalSection
EndGlobal
