
Microsoft Visual Studio Solution File, Format Version 12.00
# Visual Studio Version 17
VisualStudioVersion = 17.11.35222.181
MinimumVisualStudioVersion = 10.0.40219.1
Project("{8BC9CEB8-8B4A-11D0-8D11-00A0C91BC942}") = "LABA9.1.1", "LABA9\LABA9.vcxproj", "{AF732A37-A866-4FEC-8F86-213C20FD2E6C}"
EndProject
Project("{8BC9CEB8-8B4A-11D0-8D11-00A0C91BC942}") = "LABA9.1.2", "LABA9.1\LABA9.1.vcxproj", "{1BA0938B-3349-467B-B7BF-6159E98ED941}"
EndProject
Project("{8BC9CEB8-8B4A-11D0-8D11-00A0C91BC942}") = "LABA9.1.3", "LABA9.2\LABA9.2.vcxproj", "{B1EA3F17-8310-476B-8785-AD766488EBC0}"
EndProject
Project("{8BC9CEB8-8B4A-11D0-8D11-00A0C91BC942}") = "9.2.1", "9.2.1\9.2.1.vcxproj", "{CA5BCADD-27D1-407D-B105-49022BD614F1}"
EndProject
Project("{8BC9CEB8-8B4A-11D0-8D11-00A0C91BC942}") = "9.2.2", "9.2.2\9.2.2.vcxproj", "{46F7DF18-92A5-4097-A45F-1FD5328CFF76}"
EndProject
Project("{8BC9CEB8-8B4A-11D0-8D11-00A0C91BC942}") = "9.3.1", "9.3.1\9.3.1.vcxproj", "{42617B1E-9150-4C4A-B8A9-B5A31C83C3DB}"
EndProject
Project("{8BC9CEB8-8B4A-11D0-8D11-00A0C91BC942}") = "9.3.2", "9.3.2\9.3.2.vcxproj", "{D38E18DA-575B-4613-B52A-887971DB30B8}"
EndProject
Project("{8BC9CEB8-8B4A-11D0-8D11-00A0C91BC942}") = "9.4.1", "9.4.1\9.4.1.vcxproj", "{970AF3A0-A976-47B0-AF85-6094AC08280E}"
EndProject
Project("{8BC9CEB8-8B4A-11D0-8D11-00A0C91BC942}") = "9.4.2", "9.4.2\9.4.2.vcxproj", "{6E96D94D-D02D-4F7A-9EB9-E08EE3EBA9DA}"
EndProject
Project("{8BC9CEB8-8B4A-11D0-8D11-00A0C91BC942}") = "9.2.3", "9.2.3\9.2.3.vcxproj", "{A54CCF71-22CE-4EEA-B589-D52129B21647}"
EndProject
Project("{8BC9CEB8-8B4A-11D0-8D11-00A0C91BC942}") = "9.3.3", "9.3.3\9.3.3.vcxproj", "{47444339-AD4F-4AFC-B361-54AC0D1B6369}"
EndProject
Project("{8BC9CEB8-8B4A-11D0-8D11-00A0C91BC942}") = "9.4.3", "9.4.3\9.4.3.vcxproj", "{536879DD-C690-4B63-B242-A4B16BA65ABC}"
EndProject
Global
	GlobalSection(SolutionConfigurationPlatforms) = preSolution
		Debug|x64 = Debug|x64
		Debug|x86 = Debug|x86
		Release|x64 = Release|x64
		Release|x86 = Release|x86
	EndGlobalSection
	GlobalSection(ProjectConfigurationPlatforms) = postSolution
		{AF732A37-A866-4FEC-8F86-213C20FD2E6C}.Debug|x64.ActiveCfg = Debug|x64
		{AF732A37-A866-4FEC-8F86-213C20FD2E6C}.Debug|x64.Build.0 = Debug|x64
		{AF732A37-A866-4FEC-8F86-213C20FD2E6C}.Debug|x86.ActiveCfg = Debug|Win32
		{AF732A37-A866-4FEC-8F86-213C20FD2E6C}.Debug|x86.Build.0 = Debug|Win32
		{AF732A37-A866-4FEC-8F86-213C20FD2E6C}.Release|x64.ActiveCfg = Release|x64
		{AF732A37-A866-4FEC-8F86-213C20FD2E6C}.Release|x64.Build.0 = Release|x64
		{AF732A37-A866-4FEC-8F86-213C20FD2E6C}.Release|x86.ActiveCfg = Release|Win32
		{AF732A37-A866-4FEC-8F86-213C20FD2E6C}.Release|x86.Build.0 = Release|Win32
		{1BA0938B-3349-467B-B7BF-6159E98ED941}.Debug|x64.ActiveCfg = Debug|x64
		{1BA0938B-3349-467B-B7BF-6159E98ED941}.Debug|x64.Build.0 = Debug|x64
		{1BA0938B-3349-467B-B7BF-6159E98ED941}.Debug|x86.ActiveCfg = Debug|Win32
		{1BA0938B-3349-467B-B7BF-6159E98ED941}.Debug|x86.Build.0 = Debug|Win32
		{1BA0938B-3349-467B-B7BF-6159E98ED941}.Release|x64.ActiveCfg = Release|x64
		{1BA0938B-3349-467B-B7BF-6159E98ED941}.Release|x64.Build.0 = Release|x64
		{1BA0938B-3349-467B-B7BF-6159E98ED941}.Release|x86.ActiveCfg = Release|Win32
		{1BA0938B-3349-467B-B7BF-6159E98ED941}.Release|x86.Build.0 = Release|Win32
		{B1EA3F17-8310-476B-8785-AD766488EBC0}.Debug|x64.ActiveCfg = Debug|x64
		{B1EA3F17-8310-476B-8785-AD766488EBC0}.Debug|x64.Build.0 = Debug|x64
		{B1EA3F17-8310-476B-8785-AD766488EBC0}.Debug|x86.ActiveCfg = Debug|Win32
		{B1EA3F17-8310-476B-8785-AD766488EBC0}.Debug|x86.Build.0 = Debug|Win32
		{B1EA3F17-8310-476B-8785-AD766488EBC0}.Release|x64.ActiveCfg = Release|x64
		{B1EA3F17-8310-476B-8785-AD766488EBC0}.Release|x64.Build.0 = Release|x64
		{B1EA3F17-8310-476B-8785-AD766488EBC0}.Release|x86.ActiveCfg = Release|Win32
		{B1EA3F17-8310-476B-8785-AD766488EBC0}.Release|x86.Build.0 = Release|Win32
		{CA5BCADD-27D1-407D-B105-49022BD614F1}.Debug|x64.ActiveCfg = Debug|x64
		{CA5BCADD-27D1-407D-B105-49022BD614F1}.Debug|x64.Build.0 = Debug|x64
		{CA5BCADD-27D1-407D-B105-49022BD614F1}.Debug|x86.ActiveCfg = Debug|Win32
		{CA5BCADD-27D1-407D-B105-49022BD614F1}.Debug|x86.Build.0 = Debug|Win32
		{CA5BCADD-27D1-407D-B105-49022BD614F1}.Release|x64.ActiveCfg = Release|x64
		{CA5BCADD-27D1-407D-B105-49022BD614F1}.Release|x64.Build.0 = Release|x64
		{CA5BCADD-27D1-407D-B105-49022BD614F1}.Release|x86.ActiveCfg = Release|Win32
		{CA5BCADD-27D1-407D-B105-49022BD614F1}.Release|x86.Build.0 = Release|Win32
		{46F7DF18-92A5-4097-A45F-1FD5328CFF76}.Debug|x64.ActiveCfg = Debug|x64
		{46F7DF18-92A5-4097-A45F-1FD5328CFF76}.Debug|x64.Build.0 = Debug|x64
		{46F7DF18-92A5-4097-A45F-1FD5328CFF76}.Debug|x86.ActiveCfg = Debug|Win32
		{46F7DF18-92A5-4097-A45F-1FD5328CFF76}.Debug|x86.Build.0 = Debug|Win32
		{46F7DF18-92A5-4097-A45F-1FD5328CFF76}.Release|x64.ActiveCfg = Release|x64
		{46F7DF18-92A5-4097-A45F-1FD5328CFF76}.Release|x64.Build.0 = Release|x64
		{46F7DF18-92A5-4097-A45F-1FD5328CFF76}.Release|x86.ActiveCfg = Release|Win32
		{46F7DF18-92A5-4097-A45F-1FD5328CFF76}.Release|x86.Build.0 = Release|Win32
		{42617B1E-9150-4C4A-B8A9-B5A31C83C3DB}.Debug|x64.ActiveCfg = Debug|x64
		{42617B1E-9150-4C4A-B8A9-B5A31C83C3DB}.Debug|x64.Build.0 = Debug|x64
		{42617B1E-9150-4C4A-B8A9-B5A31C83C3DB}.Debug|x86.ActiveCfg = Debug|Win32
		{42617B1E-9150-4C4A-B8A9-B5A31C83C3DB}.Debug|x86.Build.0 = Debug|Win32
		{42617B1E-9150-4C4A-B8A9-B5A31C83C3DB}.Release|x64.ActiveCfg = Release|x64
		{42617B1E-9150-4C4A-B8A9-B5A31C83C3DB}.Release|x64.Build.0 = Release|x64
		{42617B1E-9150-4C4A-B8A9-B5A31C83C3DB}.Release|x86.ActiveCfg = Release|Win32
		{42617B1E-9150-4C4A-B8A9-B5A31C83C3DB}.Release|x86.Build.0 = Release|Win32
		{D38E18DA-575B-4613-B52A-887971DB30B8}.Debug|x64.ActiveCfg = Debug|x64
		{D38E18DA-575B-4613-B52A-887971DB30B8}.Debug|x64.Build.0 = Debug|x64
		{D38E18DA-575B-4613-B52A-887971DB30B8}.Debug|x86.ActiveCfg = Debug|Win32
		{D38E18DA-575B-4613-B52A-887971DB30B8}.Debug|x86.Build.0 = Debug|Win32
		{D38E18DA-575B-4613-B52A-887971DB30B8}.Release|x64.ActiveCfg = Release|x64
		{D38E18DA-575B-4613-B52A-887971DB30B8}.Release|x64.Build.0 = Release|x64
		{D38E18DA-575B-4613-B52A-887971DB30B8}.Release|x86.ActiveCfg = Release|Win32
		{D38E18DA-575B-4613-B52A-887971DB30B8}.Release|x86.Build.0 = Release|Win32
		{970AF3A0-A976-47B0-AF85-6094AC08280E}.Debug|x64.ActiveCfg = Debug|x64
		{970AF3A0-A976-47B0-AF85-6094AC08280E}.Debug|x64.Build.0 = Debug|x64
		{970AF3A0-A976-47B0-AF85-6094AC08280E}.Debug|x86.ActiveCfg = Debug|Win32
		{970AF3A0-A976-47B0-AF85-6094AC08280E}.Debug|x86.Build.0 = Debug|Win32
		{970AF3A0-A976-47B0-AF85-6094AC08280E}.Release|x64.ActiveCfg = Release|x64
		{970AF3A0-A976-47B0-AF85-6094AC08280E}.Release|x64.Build.0 = Release|x64
		{970AF3A0-A976-47B0-AF85-6094AC08280E}.Release|x86.ActiveCfg = Release|Win32
		{970AF3A0-A976-47B0-AF85-6094AC08280E}.Release|x86.Build.0 = Release|Win32
		{6E96D94D-D02D-4F7A-9EB9-E08EE3EBA9DA}.Debug|x64.ActiveCfg = Debug|x64
		{6E96D94D-D02D-4F7A-9EB9-E08EE3EBA9DA}.Debug|x64.Build.0 = Debug|x64
		{6E96D94D-D02D-4F7A-9EB9-E08EE3EBA9DA}.Debug|x86.ActiveCfg = Debug|Win32
		{6E96D94D-D02D-4F7A-9EB9-E08EE3EBA9DA}.Debug|x86.Build.0 = Debug|Win32
		{6E96D94D-D02D-4F7A-9EB9-E08EE3EBA9DA}.Release|x64.ActiveCfg = Release|x64
		{6E96D94D-D02D-4F7A-9EB9-E08EE3EBA9DA}.Release|x64.Build.0 = Release|x64
		{6E96D94D-D02D-4F7A-9EB9-E08EE3EBA9DA}.Release|x86.ActiveCfg = Release|Win32
		{6E96D94D-D02D-4F7A-9EB9-E08EE3EBA9DA}.Release|x86.Build.0 = Release|Win32
		{A54CCF71-22CE-4EEA-B589-D52129B21647}.Debug|x64.ActiveCfg = Debug|x64
		{A54CCF71-22CE-4EEA-B589-D52129B21647}.Debug|x64.Build.0 = Debug|x64
		{A54CCF71-22CE-4EEA-B589-D52129B21647}.Debug|x86.ActiveCfg = Debug|Win32
		{A54CCF71-22CE-4EEA-B589-D52129B21647}.Debug|x86.Build.0 = Debug|Win32
		{A54CCF71-22CE-4EEA-B589-D52129B21647}.Release|x64.ActiveCfg = Release|x64
		{A54CCF71-22CE-4EEA-B589-D52129B21647}.Release|x64.Build.0 = Release|x64
		{A54CCF71-22CE-4EEA-B589-D52129B21647}.Release|x86.ActiveCfg = Release|Win32
		{A54CCF71-22CE-4EEA-B589-D52129B21647}.Release|x86.Build.0 = Release|Win32
		{47444339-AD4F-4AFC-B361-54AC0D1B6369}.Debug|x64.ActiveCfg = Debug|x64
		{47444339-AD4F-4AFC-B361-54AC0D1B6369}.Debug|x64.Build.0 = Debug|x64
		{47444339-AD4F-4AFC-B361-54AC0D1B6369}.Debug|x86.ActiveCfg = Debug|Win32
		{47444339-AD4F-4AFC-B361-54AC0D1B6369}.Debug|x86.Build.0 = Debug|Win32
		{47444339-AD4F-4AFC-B361-54AC0D1B6369}.Release|x64.ActiveCfg = Release|x64
		{47444339-AD4F-4AFC-B361-54AC0D1B6369}.Release|x64.Build.0 = Release|x64
		{47444339-AD4F-4AFC-B361-54AC0D1B6369}.Release|x86.ActiveCfg = Release|Win32
		{47444339-AD4F-4AFC-B361-54AC0D1B6369}.Release|x86.Build.0 = Release|Win32
		{536879DD-C690-4B63-B242-A4B16BA65ABC}.Debug|x64.ActiveCfg = Debug|x64
		{536879DD-C690-4B63-B242-A4B16BA65ABC}.Debug|x64.Build.0 = Debug|x64
		{536879DD-C690-4B63-B242-A4B16BA65ABC}.Debug|x86.ActiveCfg = Debug|Win32
		{536879DD-C690-4B63-B242-A4B16BA65ABC}.Debug|x86.Build.0 = Debug|Win32
		{536879DD-C690-4B63-B242-A4B16BA65ABC}.Release|x64.ActiveCfg = Release|x64
		{536879DD-C690-4B63-B242-A4B16BA65ABC}.Release|x64.Build.0 = Release|x64
		{536879DD-C690-4B63-B242-A4B16BA65ABC}.Release|x86.ActiveCfg = Release|Win32
		{536879DD-C690-4B63-B242-A4B16BA65ABC}.Release|x86.Build.0 = Release|Win32
	EndGlobalSection
	GlobalSection(SolutionProperties) = preSolution
		HideSolutionNode = FALSE
	EndGlobalSection
	GlobalSection(ExtensibilityGlobals) = postSolution
		SolutionGuid = {D0E9095F-B1E6-4F4F-BB55-DA8573D4ACD4}
	EndGlobalSection
EndGlobal
